
Microsoft Visual Studio Solution File, Format Version 12.00
# Visual Studio Version 17
VisualStudioVersion = 17.13.35806.99 d17.13
MinimumVisualStudioVersion = 10.0.40219.1
Project("{8BC9CEB8-8B4A-11D0-8D11-00A0C91BC942}") = "Weather App", "Weather App\Weather App.vcxproj", "{A7894942-A72B-435E-89A5-719C3C667074}"
EndProject
Global
	GlobalSection(SolutionConfigurationPlatforms) = preSolution
		Debug|x64 = Debug|x64
		Debug|x86 = Debug|x86
		Release|x64 = Release|x64
		Release|x86 = Release|x86
	EndGlobalSection
	GlobalSection(ProjectConfigurationPlatforms) = postSolution
		{A7894942-A72B-435E-89A5-719C3C667074}.Debug|x64.ActiveCfg = Debug|x64
		{A7894942-A72B-435E-89A5-719C3C667074}.Debug|x64.Build.0 = Debug|x64
		{A7894942-A72B-435E-89A5-719C3C667074}.Debug|x86.ActiveCfg = Debug|Win32
		{A7894942-A72B-435E-89A5-719C3C667074}.Debug|x86.Build.0 = Debug|Win32
		{A7894942-A72B-435E-89A5-719C3C667074}.Release|x64.ActiveCfg = Release|x64
		{A7894942-A72B-435E-89A5-719C3C667074}.Release|x64.Build.0 = Release|x64
		{A7894942-A72B-435E-89A5-719C3C667074}.Release|x86.ActiveCfg = Release|Win32
		{A7894942-A72B-435E-89A5-719C3C667074}.Release|x86.Build.0 = Release|Win32
	EndGlobalSection
	GlobalSection(SolutionProperties) = preSolution
		HideSolutionNode = FALSE
	EndGlobalSection
	GlobalSection(ExtensibilityGlobals) = postSolution
		SolutionGuid = {EFC2DD51-2D49-43AE-A19D-855C136800A0}
	EndGlobalSection
EndGlobal
